
Microsoft Visual Studio Solution File, Format Version 12.00
# Visual Studio Version 17
VisualStudioVersion = 17.12.35527.113
MinimumVisualStudioVersion = 10.0.40219.1
Project("{FAE04EC0-301F-11D3-BF4B-00C04F79EFBC}") = "PrvaAplikacija", "PrvaAplikacija\PrvaAplikacija.csproj", "{1C9E5E62-AA18-451A-B180-3E4735C225CA}"
EndProject
Project("{FAE04EC0-301F-11D3-BF4B-00C04F79EFBC}") = "Varijable", "Varijable\Varijable.csproj", "{380F1FA4-BC41-4B5F-87D2-C00A2DB431EC}"
EndProject
Project("{FAE04EC0-301F-11D3-BF4B-00C04F79EFBC}") = "OpsegPovršinaKruga", "OpsegPovršinaKruga\OpsegPovršinaKruga.csproj", "{E6E06803-B0D9-417C-AA3D-4EF6C85E57E7}"
EndProject
Project("{FAE04EC0-301F-11D3-BF4B-00C04F79EFBC}") = "Podatkovni_Tipovi", "Podatkovni_Tipovi\Podatkovni_Tipovi.csproj", "{7C508F8A-537A-4FB6-977E-5AA8F5BAA3B5}"
EndProject
Project("{FAE04EC0-301F-11D3-BF4B-00C04F79EFBC}") = "Operatori", "Operatori\Operatori.csproj", "{097FA17C-222F-4BB7-86B4-F6DD1992E8A2}"
EndProject
Project("{FAE04EC0-301F-11D3-BF4B-00C04F79EFBC}") = "Trokut", "Trokut\Trokut.csproj", "{C1A303FD-28D0-4D3A-85DC-40C73F214464}"
EndProject
Project("{FAE04EC0-301F-11D3-BF4B-00C04F79EFBC}") = "KvadratnaJednađba", "KvadratnaJednađba\KvadratnaJednađba.csproj", "{078FAC29-7FC5-420D-8AFE-239C41CBA341}"
EndProject
Project("{FAE04EC0-301F-11D3-BF4B-00C04F79EFBC}") = "GrananjeUgnjezdjeno", "GrananjeUgnjezdjeno\GrananjeUgnjezdjeno.csproj", "{F49A3132-8CA9-43B5-89EC-ABC264C4A171}"
EndProject
Project("{FAE04EC0-301F-11D3-BF4B-00C04F79EFBC}") = "OcjeneIF", "OcjeneIF\OcjeneIF.csproj", "{749BA59A-28F6-4128-97EE-3560E98F19F0}"
EndProject
Project("{FAE04EC0-301F-11D3-BF4B-00C04F79EFBC}") = "GrananjeSwitch", "GrananjeSwitch\GrananjeSwitch.csproj", "{402FF652-645F-440F-924F-A2D5DFD73B0F}"
EndProject
Project("{FAE04EC0-301F-11D3-BF4B-00C04F79EFBC}") = "OcjeneSwitch", "OcjeneSwitch\OcjeneSwitch.csproj", "{C5698D61-3082-4466-B07C-08CF5091DF9F}"
EndProject
Project("{FAE04EC0-301F-11D3-BF4B-00C04F79EFBC}") = "PetljaFOR", "PetljaFOR\PetljaFOR.csproj", "{7FEFDB5F-79EE-4258-AD8B-683154D21FC3}"
EndProject
Project("{FAE04EC0-301F-11D3-BF4B-00C04F79EFBC}") = "SumaPrvih100", "SumaPrvih100\SumaPrvih100.csproj", "{C3FA4F26-5AAC-44D4-979C-A1B6CE535D4D}"
EndProject
Project("{FAE04EC0-301F-11D3-BF4B-00C04F79EFBC}") = "Prost FORpetlja", "Prost\Prost FORpetlja.csproj", "{C64C2B2A-F571-4BAC-A036-8F431E30CA54}"
EndProject
Project("{FAE04EC0-301F-11D3-BF4B-00C04F79EFBC}") = "DjeljiviS3uRasponu", "DjeljiviS3uRasponu\DjeljiviS3uRasponu.csproj", "{3769FA64-68D5-4B8C-B780-873FB4853D51}"
EndProject
Project("{FAE04EC0-301F-11D3-BF4B-00C04F79EFBC}") = "PetljaWHILE", "PetljaWhile\PetljaWHILE.csproj", "{511982C7-885A-44FE-97B5-15F8457959FE}"
EndProject
Project("{FAE04EC0-301F-11D3-BF4B-00C04F79EFBC}") = "SumaZnamenki", "SumaZnamenki\SumaZnamenki.csproj", "{C13D6F2D-DF20-4536-B0B4-0FBDF6A41D11}"
EndProject
Project("{FAE04EC0-301F-11D3-BF4B-00C04F79EFBC}") = "PetljaDOWHILE", "PetljaDOWHILE\PetljaDOWHILE.csproj", "{0F82B0A1-5282-4C05-9BBD-333896827B34}"
EndProject
Project("{FAE04EC0-301F-11D3-BF4B-00C04F79EFBC}") = "ProsjekBrojeva2", "ProsjekBrojeva2\ProsjekBrojeva2.csproj", "{4721E2FD-225A-4F80-87E1-887EACD3C270}"
EndProject
Project("{FAE04EC0-301F-11D3-BF4B-00C04F79EFBC}") = "UgnjezdjivanjePetlji", "UgnjezdjivanjePetlji\UgnjezdjivanjePetlji.csproj", "{262BA4D5-B652-432E-9EA0-4542C09CF868}"
EndProject
Project("{FAE04EC0-301F-11D3-BF4B-00C04F79EFBC}") = "TisućuProstihBrojeva", "TisućuProstihBrojeva\TisućuProstihBrojeva.csproj", "{04DC29A9-736A-4F2E-9F7F-90D8F84312A2}"
EndProject
Project("{FAE04EC0-301F-11D3-BF4B-00C04F79EFBC}") = "SumaZnamenkiBrojeva", "SumaZnamenkiBrojeva\SumaZnamenkiBrojeva.csproj", "{AEF5E1AF-368A-41A2-AD33-9095E6061D24}"
EndProject
Project("{FAE04EC0-301F-11D3-BF4B-00C04F79EFBC}") = "NajvećaSumaZnamenki", "NajvećaSumaZnamenki\NajvećaSumaZnamenki.csproj", "{2CE6161D-F21D-4310-BFC8-56D6AD9EA22A}"
EndProject
Project("{FAE04EC0-301F-11D3-BF4B-00C04F79EFBC}") = "KontrolneNaredbe", "KontrolneNaredbe\KontrolneNaredbe.csproj", "{0CB4124F-7801-4B81-A7B3-929BD44AAC44}"
EndProject
Project("{FAE04EC0-301F-11D3-BF4B-00C04F79EFBC}") = "ProsjekOcjenaSKontrolom", "ProsjekOcjenaSKontrolom\ProsjekOcjenaSKontrolom.csproj", "{3DB83108-4CCE-4A7B-96D0-F5C5F8470E8A}"
EndProject
Project("{FAE04EC0-301F-11D3-BF4B-00C04F79EFBC}") = "BezuvjetniSkokGoTo", "BezuvjetniSkok\BezuvjetniSkokGoTo.csproj", "{CA45FAFE-2F8B-42E5-BB53-30E8A5D17AB9}"
EndProject
Project("{FAE04EC0-301F-11D3-BF4B-00C04F79EFBC}") = "Polja", "Polja\Polja.csproj", "{A353FF97-BF2F-459B-894F-B3D06D25E9BD}"
EndProject
Project("{FAE04EC0-301F-11D3-BF4B-00C04F79EFBC}") = "Loto", "Loto\Loto.csproj", "{F194AC42-21C0-43A6-9032-E4D1A12A2A1B}"
EndProject
Project("{FAE04EC0-301F-11D3-BF4B-00C04F79EFBC}") = "NajvišePonavljanja", "NajvišePonavljanja\NajvišePonavljanja.csproj", "{38517BE3-92C5-42DD-BE92-14EBD0B554BA}"
EndProject
Project("{FAE04EC0-301F-11D3-BF4B-00C04F79EFBC}") = "Imena", "Imena\Imena.csproj", "{CA468CA1-1A76-4856-82D4-E71466FF246D}"
EndProject
Project("{FAE04EC0-301F-11D3-BF4B-00C04F79EFBC}") = "ForreachPrimjer", "ForreachPrimjer\ForreachPrimjer.csproj", "{98F4BE9A-B4CE-4EC8-9AB5-FDF54F19EFAD}"
EndProject
Project("{FAE04EC0-301F-11D3-BF4B-00C04F79EFBC}") = "Funkcije", "Funkcije\Funkcije.csproj", "{1C693A56-BE6A-4C35-B067-0B35C992E1A2}"
EndProject
Project("{FAE04EC0-301F-11D3-BF4B-00C04F79EFBC}") = "ProvjeraBrojeva", "ProvjeraBrojeva\ProvjeraBrojeva.csproj", "{206CCB15-3749-4677-B80F-888E2D1189E0}"
EndProject
Project("{FAE04EC0-301F-11D3-BF4B-00C04F79EFBC}") = "TypeUnsafeKolekcije", "TypeUnsafeKolekcije\TypeUnsafeKolekcije.csproj", "{43A8A8A2-3BB3-4EE2-B2BE-05A0215EE42B}"
EndProject
Project("{FAE04EC0-301F-11D3-BF4B-00C04F79EFBC}") = "Liste", "Liste\Liste.csproj", "{741B63CC-1132-4B7C-8908-DAD867801BCE}"
EndProject
Project("{FAE04EC0-301F-11D3-BF4B-00C04F79EFBC}") = "Riječnik", "Riječnik\Riječnik.csproj", "{473394C6-0C8A-4FC5-8263-4A935CF466AF}"
EndProject
Project("{FAE04EC0-301F-11D3-BF4B-00C04F79EFBC}") = "Red", "Red\Red.csproj", "{FC49B765-9771-44CF-8996-C8354F0BBB3C}"
EndProject
Project("{FAE04EC0-301F-11D3-BF4B-00C04F79EFBC}") = "Stog", "Stog\Stog.csproj", "{692D4A07-A243-4993-967E-68ED61CA502C}"
EndProject
Project("{FAE04EC0-301F-11D3-BF4B-00C04F79EFBC}") = "Preopterečivanje", "Preopterečivanje\Preopterečivanje.csproj", "{90D421B7-7AE0-43EE-8C32-296B37958F53}"
EndProject
Project("{FAE04EC0-301F-11D3-BF4B-00C04F79EFBC}") = "PreopterečivanjeKrug", "PreopterečivanjeKrug\PreopterečivanjeKrug.csproj", "{FDD0C4E9-7210-4EA3-8698-289AE8D8E561}"
EndProject
Project("{FAE04EC0-301F-11D3-BF4B-00C04F79EFBC}") = "ProsljeđivanjeVrRef", "ProsljeđivanjeVrRef\ProsljeđivanjeVrRef.csproj", "{C05FDD50-6604-4686-ABC0-E5196B7F4CB9}"
EndProject
Project("{FAE04EC0-301F-11D3-BF4B-00C04F79EFBC}") = "RefParametar", "RefParametar\RefParametar.csproj", "{D274FC8B-2B25-4E75-8052-859609348BF9}"
EndProject
Project("{FAE04EC0-301F-11D3-BF4B-00C04F79EFBC}") = "OutParametar", "OutParametar\OutParametar.csproj", "{19D573CC-CDE1-4324-AE27-E7E2E359D2E0}"
EndProject
Project("{FAE04EC0-301F-11D3-BF4B-00C04F79EFBC}") = "PokušajUnosa", "PokušajUnosa\PokušajUnosa.csproj", "{3EEA35F4-A2ED-4C41-8ADD-C0849E4FF939}"
EndProject
Project("{FAE04EC0-301F-11D3-BF4B-00C04F79EFBC}") = "RekurzivnaFunkcija", "RekurzivnaFunkcija\RekurzivnaFunkcija.csproj", "{4B5B319A-B902-4962-A69F-7F4A6682904D}"
EndProject
Project("{FAE04EC0-301F-11D3-BF4B-00C04F79EFBC}") = "KlaseUvod", "KlaseUvod\KlaseUvod.csproj", "{2C87F151-170B-4AE5-9249-90B76C3981AA}"
EndProject
Project("{FAE04EC0-301F-11D3-BF4B-00C04F79EFBC}") = "Enkapsulacija", "Enkapsulacija\Enkapsulacija.csproj", "{624B3294-FB28-4A47-A172-57B7B282023C}"
EndProject
Project("{FAE04EC0-301F-11D3-BF4B-00C04F79EFBC}") = "KlaseAutomobil", "KlaseAutomobil\KlaseAutomobil.csproj", "{ABDB3247-AD82-410F-BD51-50B7339BD7FB}"
EndProject
Project("{FAE04EC0-301F-11D3-BF4B-00C04F79EFBC}") = "DogađajUvod", "DogađajUvod\DogađajUvod.csproj", "{2964C015-1B53-4750-8AA0-F34F4A09C312}"
EndProject
Project("{FAE04EC0-301F-11D3-BF4B-00C04F79EFBC}") = "Nasljeđivanje", "Naslijeđivanje\Nasljeđivanje.csproj", "{25361B95-07AA-45C6-888D-F6744EF36E59}"
EndProject
Project("{FAE04EC0-301F-11D3-BF4B-00C04F79EFBC}") = "Prozor", "Prozor\Prozor.csproj", "{D5BE8122-4FB8-46C0-AF59-42B77E424357}"
EndProject
Project("{FAE04EC0-301F-11D3-BF4B-00C04F79EFBC}") = "GrananjeIF_ELSE", "GrananjeIF_ELSE\GrananjeIF_ELSE.csproj", "{384B6D89-8BAE-435B-BFF0-74C739E0367D}"
EndProject
Project("{FAE04EC0-301F-11D3-BF4B-00C04F79EFBC}") = "ProsjekBrojeva", "ProsjekBrojeva\ProsjekBrojeva.csproj", "{5230B7B4-2B0A-4C58-845D-38D950065A69}"
EndProject
Project("{FAE04EC0-301F-11D3-BF4B-00C04F79EFBC}") = "ProsjekOcjena", "ProsjekOcjena\ProsjekOcjena.csproj", "{DC8C125B-C45E-434D-83F6-6C42E767F1DD}"
EndProject
Project("{FAE04EC0-301F-11D3-BF4B-00C04F79EFBC}") = "PumpaIF", "PumpaIf2\PumpaIF.csproj", "{7AC53A1A-A349-480C-8278-1DDB36C48B39}"
EndProject
Global
	GlobalSection(SolutionConfigurationPlatforms) = preSolution
		Debug|Any CPU = Debug|Any CPU
		Release|Any CPU = Release|Any CPU
	EndGlobalSection
	GlobalSection(ProjectConfigurationPlatforms) = postSolution
		{1C9E5E62-AA18-451A-B180-3E4735C225CA}.Debug|Any CPU.ActiveCfg = Debug|Any CPU
		{1C9E5E62-AA18-451A-B180-3E4735C225CA}.Debug|Any CPU.Build.0 = Debug|Any CPU
		{1C9E5E62-AA18-451A-B180-3E4735C225CA}.Release|Any CPU.ActiveCfg = Release|Any CPU
		{1C9E5E62-AA18-451A-B180-3E4735C225CA}.Release|Any CPU.Build.0 = Release|Any CPU
		{380F1FA4-BC41-4B5F-87D2-C00A2DB431EC}.Debug|Any CPU.ActiveCfg = Debug|Any CPU
		{380F1FA4-BC41-4B5F-87D2-C00A2DB431EC}.Debug|Any CPU.Build.0 = Debug|Any CPU
		{380F1FA4-BC41-4B5F-87D2-C00A2DB431EC}.Release|Any CPU.ActiveCfg = Release|Any CPU
		{380F1FA4-BC41-4B5F-87D2-C00A2DB431EC}.Release|Any CPU.Build.0 = Release|Any CPU
		{E6E06803-B0D9-417C-AA3D-4EF6C85E57E7}.Debug|Any CPU.ActiveCfg = Debug|Any CPU
		{E6E06803-B0D9-417C-AA3D-4EF6C85E57E7}.Debug|Any CPU.Build.0 = Debug|Any CPU
		{E6E06803-B0D9-417C-AA3D-4EF6C85E57E7}.Release|Any CPU.ActiveCfg = Release|Any CPU
		{E6E06803-B0D9-417C-AA3D-4EF6C85E57E7}.Release|Any CPU.Build.0 = Release|Any CPU
		{7C508F8A-537A-4FB6-977E-5AA8F5BAA3B5}.Debug|Any CPU.ActiveCfg = Debug|Any CPU
		{7C508F8A-537A-4FB6-977E-5AA8F5BAA3B5}.Debug|Any CPU.Build.0 = Debug|Any CPU
		{7C508F8A-537A-4FB6-977E-5AA8F5BAA3B5}.Release|Any CPU.ActiveCfg = Release|Any CPU
		{7C508F8A-537A-4FB6-977E-5AA8F5BAA3B5}.Release|Any CPU.Build.0 = Release|Any CPU
		{097FA17C-222F-4BB7-86B4-F6DD1992E8A2}.Debug|Any CPU.ActiveCfg = Debug|Any CPU
		{097FA17C-222F-4BB7-86B4-F6DD1992E8A2}.Debug|Any CPU.Build.0 = Debug|Any CPU
		{097FA17C-222F-4BB7-86B4-F6DD1992E8A2}.Release|Any CPU.ActiveCfg = Release|Any CPU
		{097FA17C-222F-4BB7-86B4-F6DD1992E8A2}.Release|Any CPU.Build.0 = Release|Any CPU
		{C1A303FD-28D0-4D3A-85DC-40C73F214464}.Debug|Any CPU.ActiveCfg = Debug|Any CPU
		{C1A303FD-28D0-4D3A-85DC-40C73F214464}.Debug|Any CPU.Build.0 = Debug|Any CPU
		{C1A303FD-28D0-4D3A-85DC-40C73F214464}.Release|Any CPU.ActiveCfg = Release|Any CPU
		{C1A303FD-28D0-4D3A-85DC-40C73F214464}.Release|Any CPU.Build.0 = Release|Any CPU
		{078FAC29-7FC5-420D-8AFE-239C41CBA341}.Debug|Any CPU.ActiveCfg = Debug|Any CPU
		{078FAC29-7FC5-420D-8AFE-239C41CBA341}.Debug|Any CPU.Build.0 = Debug|Any CPU
		{078FAC29-7FC5-420D-8AFE-239C41CBA341}.Release|Any CPU.ActiveCfg = Release|Any CPU
		{078FAC29-7FC5-420D-8AFE-239C41CBA341}.Release|Any CPU.Build.0 = Release|Any CPU
		{F49A3132-8CA9-43B5-89EC-ABC264C4A171}.Debug|Any CPU.ActiveCfg = Debug|Any CPU
		{F49A3132-8CA9-43B5-89EC-ABC264C4A171}.Debug|Any CPU.Build.0 = Debug|Any CPU
		{F49A3132-8CA9-43B5-89EC-ABC264C4A171}.Release|Any CPU.ActiveCfg = Release|Any CPU
		{F49A3132-8CA9-43B5-89EC-ABC264C4A171}.Release|Any CPU.Build.0 = Release|Any CPU
		{749BA59A-28F6-4128-97EE-3560E98F19F0}.Debug|Any CPU.ActiveCfg = Debug|Any CPU
		{749BA59A-28F6-4128-97EE-3560E98F19F0}.Debug|Any CPU.Build.0 = Debug|Any CPU
		{749BA59A-28F6-4128-97EE-3560E98F19F0}.Release|Any CPU.ActiveCfg = Release|Any CPU
		{749BA59A-28F6-4128-97EE-3560E98F19F0}.Release|Any CPU.Build.0 = Release|Any CPU
		{402FF652-645F-440F-924F-A2D5DFD73B0F}.Debug|Any CPU.ActiveCfg = Debug|Any CPU
		{402FF652-645F-440F-924F-A2D5DFD73B0F}.Debug|Any CPU.Build.0 = Debug|Any CPU
		{402FF652-645F-440F-924F-A2D5DFD73B0F}.Release|Any CPU.ActiveCfg = Release|Any CPU
		{402FF652-645F-440F-924F-A2D5DFD73B0F}.Release|Any CPU.Build.0 = Release|Any CPU
		{C5698D61-3082-4466-B07C-08CF5091DF9F}.Debug|Any CPU.ActiveCfg = Debug|Any CPU
		{C5698D61-3082-4466-B07C-08CF5091DF9F}.Debug|Any CPU.Build.0 = Debug|Any CPU
		{C5698D61-3082-4466-B07C-08CF5091DF9F}.Release|Any CPU.ActiveCfg = Release|Any CPU
		{C5698D61-3082-4466-B07C-08CF5091DF9F}.Release|Any CPU.Build.0 = Release|Any CPU
		{7FEFDB5F-79EE-4258-AD8B-683154D21FC3}.Debug|Any CPU.ActiveCfg = Debug|Any CPU
		{7FEFDB5F-79EE-4258-AD8B-683154D21FC3}.Debug|Any CPU.Build.0 = Debug|Any CPU
		{7FEFDB5F-79EE-4258-AD8B-683154D21FC3}.Release|Any CPU.ActiveCfg = Release|Any CPU
		{7FEFDB5F-79EE-4258-AD8B-683154D21FC3}.Release|Any CPU.Build.0 = Release|Any CPU
		{C3FA4F26-5AAC-44D4-979C-A1B6CE535D4D}.Debug|Any CPU.ActiveCfg = Debug|Any CPU
		{C3FA4F26-5AAC-44D4-979C-A1B6CE535D4D}.Debug|Any CPU.Build.0 = Debug|Any CPU
		{C3FA4F26-5AAC-44D4-979C-A1B6CE535D4D}.Release|Any CPU.ActiveCfg = Release|Any CPU
		{C3FA4F26-5AAC-44D4-979C-A1B6CE535D4D}.Release|Any CPU.Build.0 = Release|Any CPU
		{C64C2B2A-F571-4BAC-A036-8F431E30CA54}.Debug|Any CPU.ActiveCfg = Debug|Any CPU
		{C64C2B2A-F571-4BAC-A036-8F431E30CA54}.Debug|Any CPU.Build.0 = Debug|Any CPU
		{C64C2B2A-F571-4BAC-A036-8F431E30CA54}.Release|Any CPU.ActiveCfg = Release|Any CPU
		{C64C2B2A-F571-4BAC-A036-8F431E30CA54}.Release|Any CPU.Build.0 = Release|Any CPU
		{3769FA64-68D5-4B8C-B780-873FB4853D51}.Debug|Any CPU.ActiveCfg = Debug|Any CPU
		{3769FA64-68D5-4B8C-B780-873FB4853D51}.Debug|Any CPU.Build.0 = Debug|Any CPU
		{3769FA64-68D5-4B8C-B780-873FB4853D51}.Release|Any CPU.ActiveCfg = Release|Any CPU
		{3769FA64-68D5-4B8C-B780-873FB4853D51}.Release|Any CPU.Build.0 = Release|Any CPU
		{511982C7-885A-44FE-97B5-15F8457959FE}.Debug|Any CPU.ActiveCfg = Debug|Any CPU
		{511982C7-885A-44FE-97B5-15F8457959FE}.Debug|Any CPU.Build.0 = Debug|Any CPU
		{511982C7-885A-44FE-97B5-15F8457959FE}.Release|Any CPU.ActiveCfg = Release|Any CPU
		{511982C7-885A-44FE-97B5-15F8457959FE}.Release|Any CPU.Build.0 = Release|Any CPU
		{C13D6F2D-DF20-4536-B0B4-0FBDF6A41D11}.Debug|Any CPU.ActiveCfg = Debug|Any CPU
		{C13D6F2D-DF20-4536-B0B4-0FBDF6A41D11}.Debug|Any CPU.Build.0 = Debug|Any CPU
		{C13D6F2D-DF20-4536-B0B4-0FBDF6A41D11}.Release|Any CPU.ActiveCfg = Release|Any CPU
		{C13D6F2D-DF20-4536-B0B4-0FBDF6A41D11}.Release|Any CPU.Build.0 = Release|Any CPU
		{0F82B0A1-5282-4C05-9BBD-333896827B34}.Debug|Any CPU.ActiveCfg = Debug|Any CPU
		{0F82B0A1-5282-4C05-9BBD-333896827B34}.Debug|Any CPU.Build.0 = Debug|Any CPU
		{0F82B0A1-5282-4C05-9BBD-333896827B34}.Release|Any CPU.ActiveCfg = Release|Any CPU
		{0F82B0A1-5282-4C05-9BBD-333896827B34}.Release|Any CPU.Build.0 = Release|Any CPU
		{4721E2FD-225A-4F80-87E1-887EACD3C270}.Debug|Any CPU.ActiveCfg = Debug|Any CPU
		{4721E2FD-225A-4F80-87E1-887EACD3C270}.Debug|Any CPU.Build.0 = Debug|Any CPU
		{4721E2FD-225A-4F80-87E1-887EACD3C270}.Release|Any CPU.ActiveCfg = Release|Any CPU
		{4721E2FD-225A-4F80-87E1-887EACD3C270}.Release|Any CPU.Build.0 = Release|Any CPU
		{262BA4D5-B652-432E-9EA0-4542C09CF868}.Debug|Any CPU.ActiveCfg = Debug|Any CPU
		{262BA4D5-B652-432E-9EA0-4542C09CF868}.Debug|Any CPU.Build.0 = Debug|Any CPU
		{262BA4D5-B652-432E-9EA0-4542C09CF868}.Release|Any CPU.ActiveCfg = Release|Any CPU
		{262BA4D5-B652-432E-9EA0-4542C09CF868}.Release|Any CPU.Build.0 = Release|Any CPU
		{04DC29A9-736A-4F2E-9F7F-90D8F84312A2}.Debug|Any CPU.ActiveCfg = Debug|Any CPU
		{04DC29A9-736A-4F2E-9F7F-90D8F84312A2}.Debug|Any CPU.Build.0 = Debug|Any CPU
		{04DC29A9-736A-4F2E-9F7F-90D8F84312A2}.Release|Any CPU.ActiveCfg = Release|Any CPU
		{04DC29A9-736A-4F2E-9F7F-90D8F84312A2}.Release|Any CPU.Build.0 = Release|Any CPU
		{AEF5E1AF-368A-41A2-AD33-9095E6061D24}.Debug|Any CPU.ActiveCfg = Debug|Any CPU
		{AEF5E1AF-368A-41A2-AD33-9095E6061D24}.Debug|Any CPU.Build.0 = Debug|Any CPU
		{AEF5E1AF-368A-41A2-AD33-9095E6061D24}.Release|Any CPU.ActiveCfg = Release|Any CPU
		{AEF5E1AF-368A-41A2-AD33-9095E6061D24}.Release|Any CPU.Build.0 = Release|Any CPU
		{2CE6161D-F21D-4310-BFC8-56D6AD9EA22A}.Debug|Any CPU.ActiveCfg = Debug|Any CPU
		{2CE6161D-F21D-4310-BFC8-56D6AD9EA22A}.Debug|Any CPU.Build.0 = Debug|Any CPU
		{2CE6161D-F21D-4310-BFC8-56D6AD9EA22A}.Release|Any CPU.ActiveCfg = Release|Any CPU
		{2CE6161D-F21D-4310-BFC8-56D6AD9EA22A}.Release|Any CPU.Build.0 = Release|Any CPU
		{0CB4124F-7801-4B81-A7B3-929BD44AAC44}.Debug|Any CPU.ActiveCfg = Debug|Any CPU
		{0CB4124F-7801-4B81-A7B3-929BD44AAC44}.Debug|Any CPU.Build.0 = Debug|Any CPU
		{0CB4124F-7801-4B81-A7B3-929BD44AAC44}.Release|Any CPU.ActiveCfg = Release|Any CPU
		{0CB4124F-7801-4B81-A7B3-929BD44AAC44}.Release|Any CPU.Build.0 = Release|Any CPU
		{3DB83108-4CCE-4A7B-96D0-F5C5F8470E8A}.Debug|Any CPU.ActiveCfg = Debug|Any CPU
		{3DB83108-4CCE-4A7B-96D0-F5C5F8470E8A}.Debug|Any CPU.Build.0 = Debug|Any CPU
		{3DB83108-4CCE-4A7B-96D0-F5C5F8470E8A}.Release|Any CPU.ActiveCfg = Release|Any CPU
		{3DB83108-4CCE-4A7B-96D0-F5C5F8470E8A}.Release|Any CPU.Build.0 = Release|Any CPU
		{CA45FAFE-2F8B-42E5-BB53-30E8A5D17AB9}.Debug|Any CPU.ActiveCfg = Debug|Any CPU
		{CA45FAFE-2F8B-42E5-BB53-30E8A5D17AB9}.Debug|Any CPU.Build.0 = Debug|Any CPU
		{CA45FAFE-2F8B-42E5-BB53-30E8A5D17AB9}.Release|Any CPU.ActiveCfg = Release|Any CPU
		{CA45FAFE-2F8B-42E5-BB53-30E8A5D17AB9}.Release|Any CPU.Build.0 = Release|Any CPU
		{A353FF97-BF2F-459B-894F-B3D06D25E9BD}.Debug|Any CPU.ActiveCfg = Debug|Any CPU
		{A353FF97-BF2F-459B-894F-B3D06D25E9BD}.Debug|Any CPU.Build.0 = Debug|Any CPU
		{A353FF97-BF2F-459B-894F-B3D06D25E9BD}.Release|Any CPU.ActiveCfg = Release|Any CPU
		{A353FF97-BF2F-459B-894F-B3D06D25E9BD}.Release|Any CPU.Build.0 = Release|Any CPU
		{F194AC42-21C0-43A6-9032-E4D1A12A2A1B}.Debug|Any CPU.ActiveCfg = Debug|Any CPU
		{F194AC42-21C0-43A6-9032-E4D1A12A2A1B}.Debug|Any CPU.Build.0 = Debug|Any CPU
		{F194AC42-21C0-43A6-9032-E4D1A12A2A1B}.Release|Any CPU.ActiveCfg = Release|Any CPU
		{F194AC42-21C0-43A6-9032-E4D1A12A2A1B}.Release|Any CPU.Build.0 = Release|Any CPU
		{38517BE3-92C5-42DD-BE92-14EBD0B554BA}.Debug|Any CPU.ActiveCfg = Debug|Any CPU
		{38517BE3-92C5-42DD-BE92-14EBD0B554BA}.Debug|Any CPU.Build.0 = Debug|Any CPU
		{38517BE3-92C5-42DD-BE92-14EBD0B554BA}.Release|Any CPU.ActiveCfg = Release|Any CPU
		{38517BE3-92C5-42DD-BE92-14EBD0B554BA}.Release|Any CPU.Build.0 = Release|Any CPU
		{CA468CA1-1A76-4856-82D4-E71466FF246D}.Debug|Any CPU.ActiveCfg = Debug|Any CPU
		{CA468CA1-1A76-4856-82D4-E71466FF246D}.Debug|Any CPU.Build.0 = Debug|Any CPU
		{CA468CA1-1A76-4856-82D4-E71466FF246D}.Release|Any CPU.ActiveCfg = Release|Any CPU
		{CA468CA1-1A76-4856-82D4-E71466FF246D}.Release|Any CPU.Build.0 = Release|Any CPU
		{98F4BE9A-B4CE-4EC8-9AB5-FDF54F19EFAD}.Debug|Any CPU.ActiveCfg = Debug|Any CPU
		{98F4BE9A-B4CE-4EC8-9AB5-FDF54F19EFAD}.Debug|Any CPU.Build.0 = Debug|Any CPU
		{98F4BE9A-B4CE-4EC8-9AB5-FDF54F19EFAD}.Release|Any CPU.ActiveCfg = Release|Any CPU
		{98F4BE9A-B4CE-4EC8-9AB5-FDF54F19EFAD}.Release|Any CPU.Build.0 = Release|Any CPU
		{1C693A56-BE6A-4C35-B067-0B35C992E1A2}.Debug|Any CPU.ActiveCfg = Debug|Any CPU
		{1C693A56-BE6A-4C35-B067-0B35C992E1A2}.Debug|Any CPU.Build.0 = Debug|Any CPU
		{1C693A56-BE6A-4C35-B067-0B35C992E1A2}.Release|Any CPU.ActiveCfg = Release|Any CPU
		{1C693A56-BE6A-4C35-B067-0B35C992E1A2}.Release|Any CPU.Build.0 = Release|Any CPU
		{206CCB15-3749-4677-B80F-888E2D1189E0}.Debug|Any CPU.ActiveCfg = Debug|Any CPU
		{206CCB15-3749-4677-B80F-888E2D1189E0}.Debug|Any CPU.Build.0 = Debug|Any CPU
		{206CCB15-3749-4677-B80F-888E2D1189E0}.Release|Any CPU.ActiveCfg = Release|Any CPU
		{206CCB15-3749-4677-B80F-888E2D1189E0}.Release|Any CPU.Build.0 = Release|Any CPU
		{43A8A8A2-3BB3-4EE2-B2BE-05A0215EE42B}.Debug|Any CPU.ActiveCfg = Debug|Any CPU
		{43A8A8A2-3BB3-4EE2-B2BE-05A0215EE42B}.Debug|Any CPU.Build.0 = Debug|Any CPU
		{43A8A8A2-3BB3-4EE2-B2BE-05A0215EE42B}.Release|Any CPU.ActiveCfg = Release|Any CPU
		{43A8A8A2-3BB3-4EE2-B2BE-05A0215EE42B}.Release|Any CPU.Build.0 = Release|Any CPU
		{741B63CC-1132-4B7C-8908-DAD867801BCE}.Debug|Any CPU.ActiveCfg = Debug|Any CPU
		{741B63CC-1132-4B7C-8908-DAD867801BCE}.Debug|Any CPU.Build.0 = Debug|Any CPU
		{741B63CC-1132-4B7C-8908-DAD867801BCE}.Release|Any CPU.ActiveCfg = Release|Any CPU
		{741B63CC-1132-4B7C-8908-DAD867801BCE}.Release|Any CPU.Build.0 = Release|Any CPU
		{473394C6-0C8A-4FC5-8263-4A935CF466AF}.Debug|Any CPU.ActiveCfg = Debug|Any CPU
		{473394C6-0C8A-4FC5-8263-4A935CF466AF}.Debug|Any CPU.Build.0 = Debug|Any CPU
		{473394C6-0C8A-4FC5-8263-4A935CF466AF}.Release|Any CPU.ActiveCfg = Release|Any CPU
		{473394C6-0C8A-4FC5-8263-4A935CF466AF}.Release|Any CPU.Build.0 = Release|Any CPU
		{FC49B765-9771-44CF-8996-C8354F0BBB3C}.Debug|Any CPU.ActiveCfg = Debug|Any CPU
		{FC49B765-9771-44CF-8996-C8354F0BBB3C}.Debug|Any CPU.Build.0 = Debug|Any CPU
		{FC49B765-9771-44CF-8996-C8354F0BBB3C}.Release|Any CPU.ActiveCfg = Release|Any CPU
		{FC49B765-9771-44CF-8996-C8354F0BBB3C}.Release|Any CPU.Build.0 = Release|Any CPU
		{692D4A07-A243-4993-967E-68ED61CA502C}.Debug|Any CPU.ActiveCfg = Debug|Any CPU
		{692D4A07-A243-4993-967E-68ED61CA502C}.Debug|Any CPU.Build.0 = Debug|Any CPU
		{692D4A07-A243-4993-967E-68ED61CA502C}.Release|Any CPU.ActiveCfg = Release|Any CPU
		{692D4A07-A243-4993-967E-68ED61CA502C}.Release|Any CPU.Build.0 = Release|Any CPU
		{90D421B7-7AE0-43EE-8C32-296B37958F53}.Debug|Any CPU.ActiveCfg = Debug|Any CPU
		{90D421B7-7AE0-43EE-8C32-296B37958F53}.Debug|Any CPU.Build.0 = Debug|Any CPU
		{90D421B7-7AE0-43EE-8C32-296B37958F53}.Release|Any CPU.ActiveCfg = Release|Any CPU
		{90D421B7-7AE0-43EE-8C32-296B37958F53}.Release|Any CPU.Build.0 = Release|Any CPU
		{FDD0C4E9-7210-4EA3-8698-289AE8D8E561}.Debug|Any CPU.ActiveCfg = Debug|Any CPU
		{FDD0C4E9-7210-4EA3-8698-289AE8D8E561}.Debug|Any CPU.Build.0 = Debug|Any CPU
		{FDD0C4E9-7210-4EA3-8698-289AE8D8E561}.Release|Any CPU.ActiveCfg = Release|Any CPU
		{FDD0C4E9-7210-4EA3-8698-289AE8D8E561}.Release|Any CPU.Build.0 = Release|Any CPU
		{C05FDD50-6604-4686-ABC0-E5196B7F4CB9}.Debug|Any CPU.ActiveCfg = Debug|Any CPU
		{C05FDD50-6604-4686-ABC0-E5196B7F4CB9}.Debug|Any CPU.Build.0 = Debug|Any CPU
		{C05FDD50-6604-4686-ABC0-E5196B7F4CB9}.Release|Any CPU.ActiveCfg = Release|Any CPU
		{C05FDD50-6604-4686-ABC0-E5196B7F4CB9}.Release|Any CPU.Build.0 = Release|Any CPU
		{D274FC8B-2B25-4E75-8052-859609348BF9}.Debug|Any CPU.ActiveCfg = Debug|Any CPU
		{D274FC8B-2B25-4E75-8052-859609348BF9}.Debug|Any CPU.Build.0 = Debug|Any CPU
		{D274FC8B-2B25-4E75-8052-859609348BF9}.Release|Any CPU.ActiveCfg = Release|Any CPU
		{D274FC8B-2B25-4E75-8052-859609348BF9}.Release|Any CPU.Build.0 = Release|Any CPU
		{19D573CC-CDE1-4324-AE27-E7E2E359D2E0}.Debug|Any CPU.ActiveCfg = Debug|Any CPU
		{19D573CC-CDE1-4324-AE27-E7E2E359D2E0}.Debug|Any CPU.Build.0 = Debug|Any CPU
		{19D573CC-CDE1-4324-AE27-E7E2E359D2E0}.Release|Any CPU.ActiveCfg = Release|Any CPU
		{19D573CC-CDE1-4324-AE27-E7E2E359D2E0}.Release|Any CPU.Build.0 = Release|Any CPU
		{3EEA35F4-A2ED-4C41-8ADD-C0849E4FF939}.Debug|Any CPU.ActiveCfg = Debug|Any CPU
		{3EEA35F4-A2ED-4C41-8ADD-C0849E4FF939}.Debug|Any CPU.Build.0 = Debug|Any CPU
		{3EEA35F4-A2ED-4C41-8ADD-C0849E4FF939}.Release|Any CPU.ActiveCfg = Release|Any CPU
		{3EEA35F4-A2ED-4C41-8ADD-C0849E4FF939}.Release|Any CPU.Build.0 = Release|Any CPU
		{4B5B319A-B902-4962-A69F-7F4A6682904D}.Debug|Any CPU.ActiveCfg = Debug|Any CPU
		{4B5B319A-B902-4962-A69F-7F4A6682904D}.Debug|Any CPU.Build.0 = Debug|Any CPU
		{4B5B319A-B902-4962-A69F-7F4A6682904D}.Release|Any CPU.ActiveCfg = Release|Any CPU
		{4B5B319A-B902-4962-A69F-7F4A6682904D}.Release|Any CPU.Build.0 = Release|Any CPU
		{2C87F151-170B-4AE5-9249-90B76C3981AA}.Debug|Any CPU.ActiveCfg = Debug|Any CPU
		{2C87F151-170B-4AE5-9249-90B76C3981AA}.Debug|Any CPU.Build.0 = Debug|Any CPU
		{2C87F151-170B-4AE5-9249-90B76C3981AA}.Release|Any CPU.ActiveCfg = Release|Any CPU
		{2C87F151-170B-4AE5-9249-90B76C3981AA}.Release|Any CPU.Build.0 = Release|Any CPU
		{624B3294-FB28-4A47-A172-57B7B282023C}.Debug|Any CPU.ActiveCfg = Debug|Any CPU
		{624B3294-FB28-4A47-A172-57B7B282023C}.Debug|Any CPU.Build.0 = Debug|Any CPU
		{624B3294-FB28-4A47-A172-57B7B282023C}.Release|Any CPU.ActiveCfg = Release|Any CPU
		{624B3294-FB28-4A47-A172-57B7B282023C}.Release|Any CPU.Build.0 = Release|Any CPU
		{ABDB3247-AD82-410F-BD51-50B7339BD7FB}.Debug|Any CPU.ActiveCfg = Debug|Any CPU
		{ABDB3247-AD82-410F-BD51-50B7339BD7FB}.Debug|Any CPU.Build.0 = Debug|Any CPU
		{ABDB3247-AD82-410F-BD51-50B7339BD7FB}.Release|Any CPU.ActiveCfg = Release|Any CPU
		{ABDB3247-AD82-410F-BD51-50B7339BD7FB}.Release|Any CPU.Build.0 = Release|Any CPU
		{2964C015-1B53-4750-8AA0-F34F4A09C312}.Debug|Any CPU.ActiveCfg = Debug|Any CPU
		{2964C015-1B53-4750-8AA0-F34F4A09C312}.Debug|Any CPU.Build.0 = Debug|Any CPU
		{2964C015-1B53-4750-8AA0-F34F4A09C312}.Release|Any CPU.ActiveCfg = Release|Any CPU
		{2964C015-1B53-4750-8AA0-F34F4A09C312}.Release|Any CPU.Build.0 = Release|Any CPU
		{25361B95-07AA-45C6-888D-F6744EF36E59}.Debug|Any CPU.ActiveCfg = Debug|Any CPU
		{25361B95-07AA-45C6-888D-F6744EF36E59}.Debug|Any CPU.Build.0 = Debug|Any CPU
		{25361B95-07AA-45C6-888D-F6744EF36E59}.Release|Any CPU.ActiveCfg = Release|Any CPU
		{25361B95-07AA-45C6-888D-F6744EF36E59}.Release|Any CPU.Build.0 = Release|Any CPU
		{D5BE8122-4FB8-46C0-AF59-42B77E424357}.Debug|Any CPU.ActiveCfg = Debug|Any CPU
		{D5BE8122-4FB8-46C0-AF59-42B77E424357}.Debug|Any CPU.Build.0 = Debug|Any CPU
		{D5BE8122-4FB8-46C0-AF59-42B77E424357}.Release|Any CPU.ActiveCfg = Release|Any CPU
		{D5BE8122-4FB8-46C0-AF59-42B77E424357}.Release|Any CPU.Build.0 = Release|Any CPU
		{384B6D89-8BAE-435B-BFF0-74C739E0367D}.Debug|Any CPU.ActiveCfg = Debug|Any CPU
		{384B6D89-8BAE-435B-BFF0-74C739E0367D}.Debug|Any CPU.Build.0 = Debug|Any CPU
		{384B6D89-8BAE-435B-BFF0-74C739E0367D}.Release|Any CPU.ActiveCfg = Release|Any CPU
		{384B6D89-8BAE-435B-BFF0-74C739E0367D}.Release|Any CPU.Build.0 = Release|Any CPU
		{5230B7B4-2B0A-4C58-845D-38D950065A69}.Debug|Any CPU.ActiveCfg = Debug|Any CPU
		{5230B7B4-2B0A-4C58-845D-38D950065A69}.Debug|Any CPU.Build.0 = Debug|Any CPU
		{5230B7B4-2B0A-4C58-845D-38D950065A69}.Release|Any CPU.ActiveCfg = Release|Any CPU
		{5230B7B4-2B0A-4C58-845D-38D950065A69}.Release|Any CPU.Build.0 = Release|Any CPU
		{DC8C125B-C45E-434D-83F6-6C42E767F1DD}.Debug|Any CPU.ActiveCfg = Debug|Any CPU
		{DC8C125B-C45E-434D-83F6-6C42E767F1DD}.Debug|Any CPU.Build.0 = Debug|Any CPU
		{DC8C125B-C45E-434D-83F6-6C42E767F1DD}.Release|Any CPU.ActiveCfg = Release|Any CPU
		{DC8C125B-C45E-434D-83F6-6C42E767F1DD}.Release|Any CPU.Build.0 = Release|Any CPU
		{7AC53A1A-A349-480C-8278-1DDB36C48B39}.Debug|Any CPU.ActiveCfg = Debug|Any CPU
		{7AC53A1A-A349-480C-8278-1DDB36C48B39}.Debug|Any CPU.Build.0 = Debug|Any CPU
		{7AC53A1A-A349-480C-8278-1DDB36C48B39}.Release|Any CPU.ActiveCfg = Release|Any CPU
		{7AC53A1A-A349-480C-8278-1DDB36C48B39}.Release|Any CPU.Build.0 = Release|Any CPU
	EndGlobalSection
	GlobalSection(SolutionProperties) = preSolution
		HideSolutionNode = FALSE
	EndGlobalSection
EndGlobal
